// !$*UTF8*$!
{
	archiveVersion = 1;
	classes = {
	};
	objectVersion = 56;
	objects = {

/* Begin PBXBuildFile section */
		AC0AC7022BDB0F2F000418B8 /* LocationViewModel.swift in Sources */ = {isa = PBXBuildFile; fileRef = AC0AC7012BDB0F2F000418B8 /* LocationViewModel.swift */; };
		AC0AC7042BDB0F9B000418B8 /* FriendDetailView.swift in Sources */ = {isa = PBXBuildFile; fileRef = AC0AC7032BDB0F9B000418B8 /* FriendDetailView.swift */; };
		AC0AC7062BDB0FC6000418B8 /* FullScreenMapView.swift in Sources */ = {isa = PBXBuildFile; fileRef = AC0AC7052BDB0FC6000418B8 /* FullScreenMapView.swift */; };
		AC0AC7082BDB1049000418B8 /* FriendProfileView.swift in Sources */ = {isa = PBXBuildFile; fileRef = AC0AC7072BDB1049000418B8 /* FriendProfileView.swift */; };
		AC0AC70A2BDB10C2000418B8 /* ButtonModifiers.swift in Sources */ = {isa = PBXBuildFile; fileRef = AC0AC7092BDB10C2000418B8 /* ButtonModifiers.swift */; };
		AC0AC70C2BDB1FD0000418B8 /* MapKitView.swift in Sources */ = {isa = PBXBuildFile; fileRef = AC0AC70B2BDB1FD0000418B8 /* MapKitView.swift */; };
		AC5855FC2BDF1391009C490B /* AddressEntryView.swift in Sources */ = {isa = PBXBuildFile; fileRef = AC5855FB2BDF1391009C490B /* AddressEntryView.swift */; };
		AC5855FE2BDF1705009C490B /* ZoneEditorView.swift in Sources */ = {isa = PBXBuildFile; fileRef = AC5855FD2BDF1705009C490B /* ZoneEditorView.swift */; };
		AC5856002BDF1925009C490B /* MapView.swift in Sources */ = {isa = PBXBuildFile; fileRef = AC5855FF2BDF1925009C490B /* MapView.swift */; };
		AC6A55292BD98D4200706E01 /* HomeView.swift in Sources */ = {isa = PBXBuildFile; fileRef = AC6A55282BD98D4200706E01 /* HomeView.swift */; };
		AC6A552B2BD99B1700706E01 /* InfoView.swift in Sources */ = {isa = PBXBuildFile; fileRef = AC6A552A2BD99B1700706E01 /* InfoView.swift */; };
		AC6A552D2BD9A32F00706E01 /* Friends.swift in Sources */ = {isa = PBXBuildFile; fileRef = AC6A552C2BD9A32F00706E01 /* Friends.swift */; };
		AC79CD982BE0B4F800B49E90 /* CoreDataModel.xcdatamodeld in Sources */ = {isa = PBXBuildFile; fileRef = AC79CD962BE0B4F800B49E90 /* CoreDataModel.xcdatamodeld */; };
		AC79CDA32BE0B63300B49E90 /* DataController.swift in Sources */ = {isa = PBXBuildFile; fileRef = AC79CDA22BE0B63300B49E90 /* DataController.swift */; };
		AC98AE002BC0872E00879A25 /* RadiusApp.swift in Sources */ = {isa = PBXBuildFile; fileRef = AC98ADFF2BC0872E00879A25 /* RadiusApp.swift */; };
		AC98AE022BC0872E00879A25 /* ContentView.swift in Sources */ = {isa = PBXBuildFile; fileRef = AC98AE012BC0872E00879A25 /* ContentView.swift */; };
		AC98AE042BC0873000879A25 /* Assets.xcassets in Resources */ = {isa = PBXBuildFile; fileRef = AC98AE032BC0873000879A25 /* Assets.xcassets */; };
		AC98AE072BC0873000879A25 /* Preview Assets.xcassets in Resources */ = {isa = PBXBuildFile; fileRef = AC98AE062BC0873000879A25 /* Preview Assets.xcassets */; };
		AC98AE0E2BC1CECD00879A25 /* MapViewModel.swift in Sources */ = {isa = PBXBuildFile; fileRef = AC98AE0D2BC1CECD00879A25 /* MapViewModel.swift */; };
		AC9BD1B62BE2E9E600D23123 /* FriendsDataManager.swift in Sources */ = {isa = PBXBuildFile; fileRef = AC9BD1B52BE2E9E600D23123 /* FriendsDataManager.swift */; };
		AC9BD1B82BE2F51600D23123 /* ColorTransformer.swift in Sources */ = {isa = PBXBuildFile; fileRef = AC9BD1B72BE2F51600D23123 /* ColorTransformer.swift */; };
		AC9BD1BB2BE4944E00D23123 /* ZoneEntity+CoreDataClass.swift in Sources */ = {isa = PBXBuildFile; fileRef = AC9BD1B92BE4944E00D23123 /* ZoneEntity+CoreDataClass.swift */; };
		AC9BD1BC2BE4944E00D23123 /* ZoneEntity+CoreDataProperties.swift in Sources */ = {isa = PBXBuildFile; fileRef = AC9BD1BA2BE4944E00D23123 /* ZoneEntity+CoreDataProperties.swift */; };
		ACA021472BE0B77200E98DA4 /* FriendLocationEntity+CoreDataClass.swift in Sources */ = {isa = PBXBuildFile; fileRef = ACA021432BE0B77200E98DA4 /* FriendLocationEntity+CoreDataClass.swift */; };
		ACA021482BE0B77200E98DA4 /* FriendLocationEntity+CoreDataProperties.swift in Sources */ = {isa = PBXBuildFile; fileRef = ACA021442BE0B77200E98DA4 /* FriendLocationEntity+CoreDataProperties.swift */; };
		ACA0214B2BE0B7D500E98DA4 /* CLLocationCoordinate2DTransformer.swift in Sources */ = {isa = PBXBuildFile; fileRef = ACA0214A2BE0B7D500E98DA4 /* CLLocationCoordinate2DTransformer.swift */; };
		ACCFF2C62BC22AF400D9265B /* LocationManager.swift in Sources */ = {isa = PBXBuildFile; fileRef = ACCFF2C52BC22AF400D9265B /* LocationManager.swift */; };
/* End PBXBuildFile section */

/* Begin PBXFileReference section */
		AC0AC7012BDB0F2F000418B8 /* LocationViewModel.swift */ = {isa = PBXFileReference; lastKnownFileType = sourcecode.swift; path = LocationViewModel.swift; sourceTree = "<group>"; };
		AC0AC7032BDB0F9B000418B8 /* FriendDetailView.swift */ = {isa = PBXFileReference; lastKnownFileType = sourcecode.swift; path = FriendDetailView.swift; sourceTree = "<group>"; };
		AC0AC7052BDB0FC6000418B8 /* FullScreenMapView.swift */ = {isa = PBXFileReference; lastKnownFileType = sourcecode.swift; path = FullScreenMapView.swift; sourceTree = "<group>"; };
		AC0AC7072BDB1049000418B8 /* FriendProfileView.swift */ = {isa = PBXFileReference; lastKnownFileType = sourcecode.swift; path = FriendProfileView.swift; sourceTree = "<group>"; };
		AC0AC7092BDB10C2000418B8 /* ButtonModifiers.swift */ = {isa = PBXFileReference; lastKnownFileType = sourcecode.swift; path = ButtonModifiers.swift; sourceTree = "<group>"; };
		AC0AC70B2BDB1FD0000418B8 /* MapKitView.swift */ = {isa = PBXFileReference; lastKnownFileType = sourcecode.swift; path = MapKitView.swift; sourceTree = "<group>"; };
		AC5855FB2BDF1391009C490B /* AddressEntryView.swift */ = {isa = PBXFileReference; lastKnownFileType = sourcecode.swift; path = AddressEntryView.swift; sourceTree = "<group>"; };
		AC5855FD2BDF1705009C490B /* ZoneEditorView.swift */ = {isa = PBXFileReference; lastKnownFileType = sourcecode.swift; path = ZoneEditorView.swift; sourceTree = "<group>"; };
		AC5855FF2BDF1925009C490B /* MapView.swift */ = {isa = PBXFileReference; lastKnownFileType = sourcecode.swift; path = MapView.swift; sourceTree = "<group>"; };
		AC6A55282BD98D4200706E01 /* HomeView.swift */ = {isa = PBXFileReference; lastKnownFileType = sourcecode.swift; path = HomeView.swift; sourceTree = "<group>"; };
		AC6A552A2BD99B1700706E01 /* InfoView.swift */ = {isa = PBXFileReference; lastKnownFileType = sourcecode.swift; path = InfoView.swift; sourceTree = "<group>"; };
		AC6A552C2BD9A32F00706E01 /* Friends.swift */ = {isa = PBXFileReference; lastKnownFileType = sourcecode.swift; path = Friends.swift; sourceTree = "<group>"; };
		AC79CD972BE0B4F800B49E90 /* CoreDataModel.xcdatamodel */ = {isa = PBXFileReference; lastKnownFileType = wrapper.xcdatamodel; path = CoreDataModel.xcdatamodel; sourceTree = "<group>"; };
		AC79CDA22BE0B63300B49E90 /* DataController.swift */ = {isa = PBXFileReference; lastKnownFileType = sourcecode.swift; path = DataController.swift; sourceTree = "<group>"; };
		AC98ADFC2BC0872E00879A25 /* Radius.app */ = {isa = PBXFileReference; explicitFileType = wrapper.application; includeInIndex = 0; path = Radius.app; sourceTree = BUILT_PRODUCTS_DIR; };
		AC98ADFF2BC0872E00879A25 /* RadiusApp.swift */ = {isa = PBXFileReference; lastKnownFileType = sourcecode.swift; path = RadiusApp.swift; sourceTree = "<group>"; };
		AC98AE012BC0872E00879A25 /* ContentView.swift */ = {isa = PBXFileReference; lastKnownFileType = sourcecode.swift; path = ContentView.swift; sourceTree = "<group>"; };
		AC98AE032BC0873000879A25 /* Assets.xcassets */ = {isa = PBXFileReference; lastKnownFileType = folder.assetcatalog; path = Assets.xcassets; sourceTree = "<group>"; };
		AC98AE062BC0873000879A25 /* Preview Assets.xcassets */ = {isa = PBXFileReference; lastKnownFileType = folder.assetcatalog; path = "Preview Assets.xcassets"; sourceTree = "<group>"; };
		AC98AE0D2BC1CECD00879A25 /* MapViewModel.swift */ = {isa = PBXFileReference; lastKnownFileType = sourcecode.swift; path = MapViewModel.swift; sourceTree = "<group>"; };
		AC9BD1B52BE2E9E600D23123 /* FriendsDataManager.swift */ = {isa = PBXFileReference; lastKnownFileType = sourcecode.swift; path = FriendsDataManager.swift; sourceTree = "<group>"; };
		AC9BD1B72BE2F51600D23123 /* ColorTransformer.swift */ = {isa = PBXFileReference; lastKnownFileType = sourcecode.swift; path = ColorTransformer.swift; sourceTree = "<group>"; };
		AC9BD1B92BE4944E00D23123 /* ZoneEntity+CoreDataClass.swift */ = {isa = PBXFileReference; lastKnownFileType = sourcecode.swift; path = "ZoneEntity+CoreDataClass.swift"; sourceTree = "<group>"; };
		AC9BD1BA2BE4944E00D23123 /* ZoneEntity+CoreDataProperties.swift */ = {isa = PBXFileReference; lastKnownFileType = sourcecode.swift; path = "ZoneEntity+CoreDataProperties.swift"; sourceTree = "<group>"; };
		ACA021432BE0B77200E98DA4 /* FriendLocationEntity+CoreDataClass.swift */ = {isa = PBXFileReference; lastKnownFileType = sourcecode.swift; path = "FriendLocationEntity+CoreDataClass.swift"; sourceTree = "<group>"; };
		ACA021442BE0B77200E98DA4 /* FriendLocationEntity+CoreDataProperties.swift */ = {isa = PBXFileReference; lastKnownFileType = sourcecode.swift; path = "FriendLocationEntity+CoreDataProperties.swift"; sourceTree = "<group>"; };
		ACA0214A2BE0B7D500E98DA4 /* CLLocationCoordinate2DTransformer.swift */ = {isa = PBXFileReference; lastKnownFileType = sourcecode.swift; path = CLLocationCoordinate2DTransformer.swift; sourceTree = "<group>"; };
		ACCFF2C52BC22AF400D9265B /* LocationManager.swift */ = {isa = PBXFileReference; lastKnownFileType = sourcecode.swift; path = LocationManager.swift; sourceTree = "<group>"; };
		ACCFF2C72BC22F9900D9265B /* Info.plist */ = {isa = PBXFileReference; lastKnownFileType = text.plist; path = Info.plist; sourceTree = "<group>"; };
/* End PBXFileReference section */

/* Begin PBXFrameworksBuildPhase section */
		AC98ADF92BC0872E00879A25 /* Frameworks */ = {
			isa = PBXFrameworksBuildPhase;
			buildActionMask = 2147483647;
			files = (
			);
			runOnlyForDeploymentPostprocessing = 0;
		};
/* End PBXFrameworksBuildPhase section */

/* Begin PBXGroup section */
		AC0AC6FD2BDB0EB8000418B8 /* MainViews */ = {
			isa = PBXGroup;
			children = (
				AC6A55282BD98D4200706E01 /* HomeView.swift */,
				AC6A552A2BD99B1700706E01 /* InfoView.swift */,
				AC98AE012BC0872E00879A25 /* ContentView.swift */,
			);
			path = MainViews;
			sourceTree = "<group>";
		};
		AC0AC6FE2BDB0EE4000418B8 /* SubViews */ = {
			isa = PBXGroup;
			children = (
				AC0AC7032BDB0F9B000418B8 /* FriendDetailView.swift */,
				AC0AC7052BDB0FC6000418B8 /* FullScreenMapView.swift */,
				AC0AC7072BDB1049000418B8 /* FriendProfileView.swift */,
				AC0AC70B2BDB1FD0000418B8 /* MapKitView.swift */,
				AC5855FB2BDF1391009C490B /* AddressEntryView.swift */,
				AC5855FD2BDF1705009C490B /* ZoneEditorView.swift */,
				AC5855FF2BDF1925009C490B /* MapView.swift */,
			);
			path = SubViews;
			sourceTree = "<group>";
		};
		AC0AC6FF2BDB0EF5000418B8 /* Components */ = {
			isa = PBXGroup;
			children = (
				AC0AC7092BDB10C2000418B8 /* ButtonModifiers.swift */,
			);
			path = Components;
			sourceTree = "<group>";
		};
		AC0AC7002BDB0EFC000418B8 /* Models */ = {
			isa = PBXGroup;
			children = (
				AC6A552C2BD9A32F00706E01 /* Friends.swift */,
				ACCFF2C52BC22AF400D9265B /* LocationManager.swift */,
				AC0AC7012BDB0F2F000418B8 /* LocationViewModel.swift */,
				AC98AE0D2BC1CECD00879A25 /* MapViewModel.swift */,
			);
			path = Models;
			sourceTree = "<group>";
		};
		AC79CDA12BE0B60400B49E90 /* Data */ = {
			isa = PBXGroup;
			children = (
				AC79CD962BE0B4F800B49E90 /* CoreDataModel.xcdatamodeld */,
				AC79CDA22BE0B63300B49E90 /* DataController.swift */,
				AC9BD1B92BE4944E00D23123 /* ZoneEntity+CoreDataClass.swift */,
				AC9BD1BA2BE4944E00D23123 /* ZoneEntity+CoreDataProperties.swift */,
				ACA021432BE0B77200E98DA4 /* FriendLocationEntity+CoreDataClass.swift */,
				ACA021442BE0B77200E98DA4 /* FriendLocationEntity+CoreDataProperties.swift */,
				AC9BD1B52BE2E9E600D23123 /* FriendsDataManager.swift */,
			);
			path = Data;
			sourceTree = "<group>";
		};
		AC98ADF32BC0872E00879A25 = {
			isa = PBXGroup;
			children = (
				AC98ADFE2BC0872E00879A25 /* Radius */,
				AC98ADFD2BC0872E00879A25 /* Products */,
			);
			sourceTree = "<group>";
		};
		AC98ADFD2BC0872E00879A25 /* Products */ = {
			isa = PBXGroup;
			children = (
				AC98ADFC2BC0872E00879A25 /* Radius.app */,
			);
			name = Products;
			sourceTree = "<group>";
		};
		AC98ADFE2BC0872E00879A25 /* Radius */ = {
			isa = PBXGroup;
			children = (
				ACA021492BE0B7C100E98DA4 /* Utility */,
				AC79CDA12BE0B60400B49E90 /* Data */,
				AC0AC7002BDB0EFC000418B8 /* Models */,
				AC0AC6FF2BDB0EF5000418B8 /* Components */,
				AC0AC6FE2BDB0EE4000418B8 /* SubViews */,
				AC0AC6FD2BDB0EB8000418B8 /* MainViews */,
				ACCFF2C72BC22F9900D9265B /* Info.plist */,
				AC98ADFF2BC0872E00879A25 /* RadiusApp.swift */,
				AC98AE032BC0873000879A25 /* Assets.xcassets */,
				AC98AE052BC0873000879A25 /* Preview Content */,
			);
			path = Radius;
			sourceTree = "<group>";
		};
		AC98AE052BC0873000879A25 /* Preview Content */ = {
			isa = PBXGroup;
			children = (
				AC98AE062BC0873000879A25 /* Preview Assets.xcassets */,
			);
			path = "Preview Content";
			sourceTree = "<group>";
		};
		ACA021492BE0B7C100E98DA4 /* Utility */ = {
			isa = PBXGroup;
			children = (
				ACA0214A2BE0B7D500E98DA4 /* CLLocationCoordinate2DTransformer.swift */,
				AC9BD1B72BE2F51600D23123 /* ColorTransformer.swift */,
			);
			path = Utility;
			sourceTree = "<group>";
		};
/* End PBXGroup section */

/* Begin PBXNativeTarget section */
		AC98ADFB2BC0872E00879A25 /* Radius */ = {
			isa = PBXNativeTarget;
			buildConfigurationList = AC98AE0A2BC0873000879A25 /* Build configuration list for PBXNativeTarget "Radius" */;
			buildPhases = (
				AC98ADF82BC0872E00879A25 /* Sources */,
				AC98ADF92BC0872E00879A25 /* Frameworks */,
				AC98ADFA2BC0872E00879A25 /* Resources */,
			);
			buildRules = (
			);
			dependencies = (
			);
			name = Radius;
			productName = Radius;
			productReference = AC98ADFC2BC0872E00879A25 /* Radius.app */;
			productType = "com.apple.product-type.application";
		};
/* End PBXNativeTarget section */

/* Begin PBXProject section */
		AC98ADF42BC0872E00879A25 /* Project object */ = {
			isa = PBXProject;
			attributes = {
				BuildIndependentTargetsInParallel = 1;
				LastSwiftUpdateCheck = 1530;
				LastUpgradeCheck = 1530;
				TargetAttributes = {
					AC98ADFB2BC0872E00879A25 = {
						CreatedOnToolsVersion = 15.3;
					};
				};
			};
			buildConfigurationList = AC98ADF72BC0872E00879A25 /* Build configuration list for PBXProject "Radius" */;
			compatibilityVersion = "Xcode 14.0";
			developmentRegion = en;
			hasScannedForEncodings = 0;
			knownRegions = (
				en,
				Base,
			);
			mainGroup = AC98ADF32BC0872E00879A25;
			productRefGroup = AC98ADFD2BC0872E00879A25 /* Products */;
			projectDirPath = "";
			projectRoot = "";
			targets = (
				AC98ADFB2BC0872E00879A25 /* Radius */,
			);
		};
/* End PBXProject section */

/* Begin PBXResourcesBuildPhase section */
		AC98ADFA2BC0872E00879A25 /* Resources */ = {
			isa = PBXResourcesBuildPhase;
			buildActionMask = 2147483647;
			files = (
				AC98AE072BC0873000879A25 /* Preview Assets.xcassets in Resources */,
				AC98AE042BC0873000879A25 /* Assets.xcassets in Resources */,
			);
			runOnlyForDeploymentPostprocessing = 0;
		};
/* End PBXResourcesBuildPhase section */

/* Begin PBXSourcesBuildPhase section */
		AC98ADF82BC0872E00879A25 /* Sources */ = {
			isa = PBXSourcesBuildPhase;
			buildActionMask = 2147483647;
			files = (
				ACCFF2C62BC22AF400D9265B /* LocationManager.swift in Sources */,
				ACA0214B2BE0B7D500E98DA4 /* CLLocationCoordinate2DTransformer.swift in Sources */,
				AC5856002BDF1925009C490B /* MapView.swift in Sources */,
				AC6A552D2BD9A32F00706E01 /* Friends.swift in Sources */,
				AC98AE022BC0872E00879A25 /* ContentView.swift in Sources */,
				AC9BD1B82BE2F51600D23123 /* ColorTransformer.swift in Sources */,
				AC0AC7042BDB0F9B000418B8 /* FriendDetailView.swift in Sources */,
				AC79CDA32BE0B63300B49E90 /* DataController.swift in Sources */,
				AC0AC7062BDB0FC6000418B8 /* FullScreenMapView.swift in Sources */,
				AC98AE002BC0872E00879A25 /* RadiusApp.swift in Sources */,
				AC0AC70A2BDB10C2000418B8 /* ButtonModifiers.swift in Sources */,
				AC79CD982BE0B4F800B49E90 /* CoreDataModel.xcdatamodeld in Sources */,
				AC5855FE2BDF1705009C490B /* ZoneEditorView.swift in Sources */,
				AC0AC70C2BDB1FD0000418B8 /* MapKitView.swift in Sources */,
				AC0AC7082BDB1049000418B8 /* FriendProfileView.swift in Sources */,
				AC6A55292BD98D4200706E01 /* HomeView.swift in Sources */,
				AC9BD1BB2BE4944E00D23123 /* ZoneEntity+CoreDataClass.swift in Sources */,
				AC9BD1BC2BE4944E00D23123 /* ZoneEntity+CoreDataProperties.swift in Sources */,
				AC6A552B2BD99B1700706E01 /* InfoView.swift in Sources */,
				AC98AE0E2BC1CECD00879A25 /* MapViewModel.swift in Sources */,
				AC5855FC2BDF1391009C490B /* AddressEntryView.swift in Sources */,
				AC0AC7022BDB0F2F000418B8 /* LocationViewModel.swift in Sources */,
				AC9BD1B62BE2E9E600D23123 /* FriendsDataManager.swift in Sources */,
				ACA021472BE0B77200E98DA4 /* FriendLocationEntity+CoreDataClass.swift in Sources */,
				ACA021482BE0B77200E98DA4 /* FriendLocationEntity+CoreDataProperties.swift in Sources */,
			);
			runOnlyForDeploymentPostprocessing = 0;
		};
/* End PBXSourcesBuildPhase section */

/* Begin XCBuildConfiguration section */
		AC98AE082BC0873000879A25 /* Debug */ = {
			isa = XCBuildConfiguration;
			buildSettings = {
				ALWAYS_SEARCH_USER_PATHS = NO;
				ASSETCATALOG_COMPILER_GENERATE_SWIFT_ASSET_SYMBOL_EXTENSIONS = YES;
				CLANG_ANALYZER_NONNULL = YES;
				CLANG_ANALYZER_NUMBER_OBJECT_CONVERSION = YES_AGGRESSIVE;
				CLANG_CXX_LANGUAGE_STANDARD = "gnu++20";
				CLANG_ENABLE_MODULES = YES;
				CLANG_ENABLE_OBJC_ARC = YES;
				CLANG_ENABLE_OBJC_WEAK = YES;
				CLANG_WARN_BLOCK_CAPTURE_AUTORELEASING = YES;
				CLANG_WARN_BOOL_CONVERSION = YES;
				CLANG_WARN_COMMA = YES;
				CLANG_WARN_CONSTANT_CONVERSION = YES;
				CLANG_WARN_DEPRECATED_OBJC_IMPLEMENTATIONS = YES;
				CLANG_WARN_DIRECT_OBJC_ISA_USAGE = YES_ERROR;
				CLANG_WARN_DOCUMENTATION_COMMENTS = YES;
				CLANG_WARN_EMPTY_BODY = YES;
				CLANG_WARN_ENUM_CONVERSION = YES;
				CLANG_WARN_INFINITE_RECURSION = YES;
				CLANG_WARN_INT_CONVERSION = YES;
				CLANG_WARN_NON_LITERAL_NULL_CONVERSION = YES;
				CLANG_WARN_OBJC_IMPLICIT_RETAIN_SELF = YES;
				CLANG_WARN_OBJC_LITERAL_CONVERSION = YES;
				CLANG_WARN_OBJC_ROOT_CLASS = YES_ERROR;
				CLANG_WARN_QUOTED_INCLUDE_IN_FRAMEWORK_HEADER = YES;
				CLANG_WARN_RANGE_LOOP_ANALYSIS = YES;
				CLANG_WARN_STRICT_PROTOTYPES = YES;
				CLANG_WARN_SUSPICIOUS_MOVE = YES;
				CLANG_WARN_UNGUARDED_AVAILABILITY = YES_AGGRESSIVE;
				CLANG_WARN_UNREACHABLE_CODE = YES;
				CLANG_WARN__DUPLICATE_METHOD_MATCH = YES;
				COPY_PHASE_STRIP = NO;
				DEBUG_INFORMATION_FORMAT = dwarf;
				ENABLE_STRICT_OBJC_MSGSEND = YES;
				ENABLE_TESTABILITY = YES;
				ENABLE_USER_SCRIPT_SANDBOXING = YES;
				GCC_C_LANGUAGE_STANDARD = gnu17;
				GCC_DYNAMIC_NO_PIC = NO;
				GCC_NO_COMMON_BLOCKS = YES;
				GCC_OPTIMIZATION_LEVEL = 0;
				GCC_PREPROCESSOR_DEFINITIONS = (
					"DEBUG=1",
					"$(inherited)",
				);
				GCC_WARN_64_TO_32_BIT_CONVERSION = YES;
				GCC_WARN_ABOUT_RETURN_TYPE = YES_ERROR;
				GCC_WARN_UNDECLARED_SELECTOR = YES;
				GCC_WARN_UNINITIALIZED_AUTOS = YES_AGGRESSIVE;
				GCC_WARN_UNUSED_FUNCTION = YES;
				GCC_WARN_UNUSED_VARIABLE = YES;
				IPHONEOS_DEPLOYMENT_TARGET = 17.4;
				LOCALIZATION_PREFERS_STRING_CATALOGS = YES;
				MTL_ENABLE_DEBUG_INFO = INCLUDE_SOURCE;
				MTL_FAST_MATH = YES;
				ONLY_ACTIVE_ARCH = YES;
				SDKROOT = iphoneos;
				SWIFT_ACTIVE_COMPILATION_CONDITIONS = "DEBUG $(inherited)";
				SWIFT_OPTIMIZATION_LEVEL = "-Onone";
			};
			name = Debug;
		};
		AC98AE092BC0873000879A25 /* Release */ = {
			isa = XCBuildConfiguration;
			buildSettings = {
				ALWAYS_SEARCH_USER_PATHS = NO;
				ASSETCATALOG_COMPILER_GENERATE_SWIFT_ASSET_SYMBOL_EXTENSIONS = YES;
				CLANG_ANALYZER_NONNULL = YES;
				CLANG_ANALYZER_NUMBER_OBJECT_CONVERSION = YES_AGGRESSIVE;
				CLANG_CXX_LANGUAGE_STANDARD = "gnu++20";
				CLANG_ENABLE_MODULES = YES;
				CLANG_ENABLE_OBJC_ARC = YES;
				CLANG_ENABLE_OBJC_WEAK = YES;
				CLANG_WARN_BLOCK_CAPTURE_AUTORELEASING = YES;
				CLANG_WARN_BOOL_CONVERSION = YES;
				CLANG_WARN_COMMA = YES;
				CLANG_WARN_CONSTANT_CONVERSION = YES;
				CLANG_WARN_DEPRECATED_OBJC_IMPLEMENTATIONS = YES;
				CLANG_WARN_DIRECT_OBJC_ISA_USAGE = YES_ERROR;
				CLANG_WARN_DOCUMENTATION_COMMENTS = YES;
				CLANG_WARN_EMPTY_BODY = YES;
				CLANG_WARN_ENUM_CONVERSION = YES;
				CLANG_WARN_INFINITE_RECURSION = YES;
				CLANG_WARN_INT_CONVERSION = YES;
				CLANG_WARN_NON_LITERAL_NULL_CONVERSION = YES;
				CLANG_WARN_OBJC_IMPLICIT_RETAIN_SELF = YES;
				CLANG_WARN_OBJC_LITERAL_CONVERSION = YES;
				CLANG_WARN_OBJC_ROOT_CLASS = YES_ERROR;
				CLANG_WARN_QUOTED_INCLUDE_IN_FRAMEWORK_HEADER = YES;
				CLANG_WARN_RANGE_LOOP_ANALYSIS = YES;
				CLANG_WARN_STRICT_PROTOTYPES = YES;
				CLANG_WARN_SUSPICIOUS_MOVE = YES;
				CLANG_WARN_UNGUARDED_AVAILABILITY = YES_AGGRESSIVE;
				CLANG_WARN_UNREACHABLE_CODE = YES;
				CLANG_WARN__DUPLICATE_METHOD_MATCH = YES;
				COPY_PHASE_STRIP = NO;
				DEBUG_INFORMATION_FORMAT = "dwarf-with-dsym";
				ENABLE_NS_ASSERTIONS = NO;
				ENABLE_STRICT_OBJC_MSGSEND = YES;
				ENABLE_USER_SCRIPT_SANDBOXING = YES;
				GCC_C_LANGUAGE_STANDARD = gnu17;
				GCC_NO_COMMON_BLOCKS = YES;
				GCC_WARN_64_TO_32_BIT_CONVERSION = YES;
				GCC_WARN_ABOUT_RETURN_TYPE = YES_ERROR;
				GCC_WARN_UNDECLARED_SELECTOR = YES;
				GCC_WARN_UNINITIALIZED_AUTOS = YES_AGGRESSIVE;
				GCC_WARN_UNUSED_FUNCTION = YES;
				GCC_WARN_UNUSED_VARIABLE = YES;
				IPHONEOS_DEPLOYMENT_TARGET = 17.4;
				LOCALIZATION_PREFERS_STRING_CATALOGS = YES;
				MTL_ENABLE_DEBUG_INFO = NO;
				MTL_FAST_MATH = YES;
				SDKROOT = iphoneos;
				SWIFT_COMPILATION_MODE = wholemodule;
				VALIDATE_PRODUCT = YES;
			};
			name = Release;
		};
		AC98AE0B2BC0873000879A25 /* Debug */ = {
			isa = XCBuildConfiguration;
			buildSettings = {
				ASSETCATALOG_COMPILER_APPICON_NAME = AppIcon;
				ASSETCATALOG_COMPILER_GLOBAL_ACCENT_COLOR_NAME = AccentColor;
				CODE_SIGN_STYLE = Automatic;
				CURRENT_PROJECT_VERSION = 1;
				DEVELOPMENT_ASSET_PATHS = "\"Radius/Preview Content\"";
				DEVELOPMENT_TEAM = 8VNWQXUY4G;
				ENABLE_PREVIEWS = YES;
				GENERATE_INFOPLIST_FILE = YES;
				INFOPLIST_FILE = Radius/Info.plist;
				INFOPLIST_KEY_NSLocationAlwaysAndWhenInUseUsageDescription = "This apps needs your location to share it on the map";
				INFOPLIST_KEY_NSLocationAlwaysUsageDescription = "This apps needs your location to share it on the map";
				INFOPLIST_KEY_NSLocationUsageDescription = "This apps needs your location to share it on the map";
				INFOPLIST_KEY_NSLocationWhenInUseUsageDescription = "This apps needs your location to share it on the map";
				INFOPLIST_KEY_UIApplicationSceneManifest_Generation = YES;
				INFOPLIST_KEY_UIApplicationSupportsIndirectInputEvents = YES;
				INFOPLIST_KEY_UILaunchScreen_Generation = YES;
				INFOPLIST_KEY_UISupportedInterfaceOrientations_iPad = "UIInterfaceOrientationPortrait UIInterfaceOrientationPortraitUpsideDown UIInterfaceOrientationLandscapeLeft UIInterfaceOrientationLandscapeRight";
				INFOPLIST_KEY_UISupportedInterfaceOrientations_iPhone = "UIInterfaceOrientationPortrait UIInterfaceOrientationLandscapeLeft UIInterfaceOrientationLandscapeRight";
				IPHONEOS_DEPLOYMENT_TARGET = 16.1;
				LD_RUNPATH_SEARCH_PATHS = (
					"$(inherited)",
					"@executable_path/Frameworks",
				);
				MARKETING_VERSION = 1.0;
				PRODUCT_BUNDLE_IDENTIFIER = aadishivmalhotra.Radius;
				PRODUCT_NAME = "$(TARGET_NAME)";
				SWIFT_EMIT_LOC_STRINGS = YES;
				SWIFT_VERSION = 5.0;
				TARGETED_DEVICE_FAMILY = "1,2";
			};
			name = Debug;
		};
		AC98AE0C2BC0873000879A25 /* Release */ = {
			isa = XCBuildConfiguration;
			buildSettings = {
				ASSETCATALOG_COMPILER_APPICON_NAME = AppIcon;
				ASSETCATALOG_COMPILER_GLOBAL_ACCENT_COLOR_NAME = AccentColor;
				CODE_SIGN_STYLE = Automatic;
				CURRENT_PROJECT_VERSION = 1;
				DEVELOPMENT_ASSET_PATHS = "\"Radius/Preview Content\"";
				DEVELOPMENT_TEAM = 8VNWQXUY4G;
				ENABLE_PREVIEWS = YES;
				GENERATE_INFOPLIST_FILE = YES;
				INFOPLIST_FILE = Radius/Info.plist;
				INFOPLIST_KEY_NSLocationAlwaysAndWhenInUseUsageDescription = "This apps needs your location to share it on the map";
				INFOPLIST_KEY_NSLocationAlwaysUsageDescription = "This apps needs your location to share it on the map";
				INFOPLIST_KEY_NSLocationUsageDescription = "This apps needs your location to share it on the map";
				INFOPLIST_KEY_NSLocationWhenInUseUsageDescription = "This apps needs your location to share it on the map";
				INFOPLIST_KEY_UIApplicationSceneManifest_Generation = YES;
				INFOPLIST_KEY_UIApplicationSupportsIndirectInputEvents = YES;
				INFOPLIST_KEY_UILaunchScreen_Generation = YES;
				INFOPLIST_KEY_UISupportedInterfaceOrientations_iPad = "UIInterfaceOrientationPortrait UIInterfaceOrientationPortraitUpsideDown UIInterfaceOrientationLandscapeLeft UIInterfaceOrientationLandscapeRight";
				INFOPLIST_KEY_UISupportedInterfaceOrientations_iPhone = "UIInterfaceOrientationPortrait UIInterfaceOrientationLandscapeLeft UIInterfaceOrientationLandscapeRight";
				IPHONEOS_DEPLOYMENT_TARGET = 16.1;
				LD_RUNPATH_SEARCH_PATHS = (
					"$(inherited)",
					"@executable_path/Frameworks",
				);
				MARKETING_VERSION = 1.0;
				PRODUCT_BUNDLE_IDENTIFIER = aadishivmalhotra.Radius;
				PRODUCT_NAME = "$(TARGET_NAME)";
				SWIFT_EMIT_LOC_STRINGS = YES;
				SWIFT_VERSION = 5.0;
				TARGETED_DEVICE_FAMILY = "1,2";
			};
			name = Release;
		};
/* End XCBuildConfiguration section */

/* Begin XCConfigurationList section */
		AC98ADF72BC0872E00879A25 /* Build configuration list for PBXProject "Radius" */ = {
			isa = XCConfigurationList;
			buildConfigurations = (
				AC98AE082BC0873000879A25 /* Debug */,
				AC98AE092BC0873000879A25 /* Release */,
			);
			defaultConfigurationIsVisible = 0;
			defaultConfigurationName = Release;
		};
		AC98AE0A2BC0873000879A25 /* Build configuration list for PBXNativeTarget "Radius" */ = {
			isa = XCConfigurationList;
			buildConfigurations = (
				AC98AE0B2BC0873000879A25 /* Debug */,
				AC98AE0C2BC0873000879A25 /* Release */,
			);
			defaultConfigurationIsVisible = 0;
			defaultConfigurationName = Release;
		};
/* End XCConfigurationList section */

/* Begin XCVersionGroup section */
		AC79CD962BE0B4F800B49E90 /* CoreDataModel.xcdatamodeld */ = {
			isa = XCVersionGroup;
			children = (
				AC79CD972BE0B4F800B49E90 /* CoreDataModel.xcdatamodel */,
			);
			currentVersion = AC79CD972BE0B4F800B49E90 /* CoreDataModel.xcdatamodel */;
			path = CoreDataModel.xcdatamodeld;
			sourceTree = "<group>";
			versionGroupType = wrapper.xcdatamodel;
		};
/* End XCVersionGroup section */
	};
	rootObject = AC98ADF42BC0872E00879A25 /* Project object */;
}
