// !$*UTF8*$!
{
	archiveVersion = 1;
	classes = {
	};
	objectVersion = 56;
	objects = {

/* Begin PBXBuildFile section */
		AC0AC7022BDB0F2F000418B8 /* LocationViewModel.swift in Sources */ = {isa = PBXBuildFile; fileRef = AC0AC7012BDB0F2F000418B8 /* LocationViewModel.swift */; };
		AC0AC7042BDB0F9B000418B8 /* FriendDetailView.swift in Sources */ = {isa = PBXBuildFile; fileRef = AC0AC7032BDB0F9B000418B8 /* FriendDetailView.swift */; };
		AC0AC7062BDB0FC6000418B8 /* FullScreenMapView.swift in Sources */ = {isa = PBXBuildFile; fileRef = AC0AC7052BDB0FC6000418B8 /* FullScreenMapView.swift */; };
		AC0AC7082BDB1049000418B8 /* FriendProfileView.swift in Sources */ = {isa = PBXBuildFile; fileRef = AC0AC7072BDB1049000418B8 /* FriendProfileView.swift */; };
		AC0AC70A2BDB10C2000418B8 /* ButtonModifiers.swift in Sources */ = {isa = PBXBuildFile; fileRef = AC0AC7092BDB10C2000418B8 /* ButtonModifiers.swift */; };
		AC0AC70C2BDB1FD0000418B8 /* FriendDetailMapView.swift in Sources */ = {isa = PBXBuildFile; fileRef = AC0AC70B2BDB1FD0000418B8 /* FriendDetailMapView.swift */; };
		AC1B00542BF4753C000BB30B /* AuthViewModel.swift in Sources */ = {isa = PBXBuildFile; fileRef = AC1B00532BF4753C000BB30B /* AuthViewModel.swift */; };
		AC3989562C705637002F84E6 /* DataController.swift in Sources */ = {isa = PBXBuildFile; fileRef = AC3989552C705637002F84E6 /* DataController.swift */; };
		AC39895C2C70592C002F84E6 /* GroupViewModel.swift in Sources */ = {isa = PBXBuildFile; fileRef = AC39895B2C70592C002F84E6 /* GroupViewModel.swift */; };
		AC3989682C7440C9002F84E6 /* ZoneUpdateManager.swift in Sources */ = {isa = PBXBuildFile; fileRef = AC3989672C7440C9002F84E6 /* ZoneUpdateManager.swift */; };
		AC5855FC2BDF1391009C490B /* AddressEntryView.swift in Sources */ = {isa = PBXBuildFile; fileRef = AC5855FB2BDF1391009C490B /* AddressEntryView.swift */; };
		AC5855FE2BDF1705009C490B /* ZoneEditorView.swift in Sources */ = {isa = PBXBuildFile; fileRef = AC5855FD2BDF1705009C490B /* ZoneEditorView.swift */; };
		AC5856002BDF1925009C490B /* MapView.swift in Sources */ = {isa = PBXBuildFile; fileRef = AC5855FF2BDF1925009C490B /* MapView.swift */; };
		AC6A55292BD98D4200706E01 /* HomeView.swift in Sources */ = {isa = PBXBuildFile; fileRef = AC6A55282BD98D4200706E01 /* HomeView.swift */; };
		AC6A552B2BD99B1700706E01 /* InfoView.swift in Sources */ = {isa = PBXBuildFile; fileRef = AC6A552A2BD99B1700706E01 /* InfoView.swift */; };
		AC6A552D2BD9A32F00706E01 /* Friends.swift in Sources */ = {isa = PBXBuildFile; fileRef = AC6A552C2BD9A32F00706E01 /* Friends.swift */; };
		AC98AE002BC0872E00879A25 /* RadiusApp.swift in Sources */ = {isa = PBXBuildFile; fileRef = AC98ADFF2BC0872E00879A25 /* RadiusApp.swift */; };
		AC98AE022BC0872E00879A25 /* ContentView.swift in Sources */ = {isa = PBXBuildFile; fileRef = AC98AE012BC0872E00879A25 /* ContentView.swift */; };
		AC98AE042BC0873000879A25 /* Assets.xcassets in Resources */ = {isa = PBXBuildFile; fileRef = AC98AE032BC0873000879A25 /* Assets.xcassets */; };
		AC98AE072BC0873000879A25 /* Preview Assets.xcassets in Resources */ = {isa = PBXBuildFile; fileRef = AC98AE062BC0873000879A25 /* Preview Assets.xcassets */; };
		AC98AE0E2BC1CECD00879A25 /* MapViewModel.swift in Sources */ = {isa = PBXBuildFile; fileRef = AC98AE0D2BC1CECD00879A25 /* MapViewModel.swift */; };
		AC9BD1B62BE2E9E600D23123 /* FriendsDataManager.swift in Sources */ = {isa = PBXBuildFile; fileRef = AC9BD1B52BE2E9E600D23123 /* FriendsDataManager.swift */; };
		AC9BD1B82BE2F51600D23123 /* ColorTransformer.swift in Sources */ = {isa = PBXBuildFile; fileRef = AC9BD1B72BE2F51600D23123 /* ColorTransformer.swift */; };
		AC9BD1BE2BE9954400D23123 /* CreateFriendView.swift in Sources */ = {isa = PBXBuildFile; fileRef = AC9BD1BD2BE9954400D23123 /* CreateFriendView.swift */; };
		AC9BD1C12BEB0E5E00D23123 /* Auth in Frameworks */ = {isa = PBXBuildFile; productRef = AC9BD1C02BEB0E5E00D23123 /* Auth */; };
		AC9BD1C32BEB0E5E00D23123 /* Functions in Frameworks */ = {isa = PBXBuildFile; productRef = AC9BD1C22BEB0E5E00D23123 /* Functions */; };
		AC9BD1C52BEB0E5E00D23123 /* PostgREST in Frameworks */ = {isa = PBXBuildFile; productRef = AC9BD1C42BEB0E5E00D23123 /* PostgREST */; };
		AC9BD1C72BEB0E5E00D23123 /* Realtime in Frameworks */ = {isa = PBXBuildFile; productRef = AC9BD1C62BEB0E5E00D23123 /* Realtime */; };
		AC9BD1C92BEB0E5E00D23123 /* Storage in Frameworks */ = {isa = PBXBuildFile; productRef = AC9BD1C82BEB0E5E00D23123 /* Storage */; };
		AC9BD1CC2BEB0E7100D23123 /* Supabase+Helpers.swift in Sources */ = {isa = PBXBuildFile; fileRef = AC9BD1CB2BEB0E7100D23123 /* Supabase+Helpers.swift */; };
		AC9BD1D12BEB0F6800D23123 /* Supabase in Frameworks */ = {isa = PBXBuildFile; productRef = AC9BD1D02BEB0F6800D23123 /* Supabase */; };
		AC9BD1D32BEB101B00D23123 /* AuthView.swift in Sources */ = {isa = PBXBuildFile; fileRef = AC9BD1D22BEB101B00D23123 /* AuthView.swift */; };
		AC9BD1D52BEB3B3B00D23123 /* SupabaseProfileView.swift in Sources */ = {isa = PBXBuildFile; fileRef = AC9BD1D42BEB3B3B00D23123 /* SupabaseProfileView.swift */; };
		AC9BD1D72BEB3CF500D23123 /* SupabaseModels.swift in Sources */ = {isa = PBXBuildFile; fileRef = AC9BD1D62BEB3CF500D23123 /* SupabaseModels.swift */; };
		AC9BD1D92BEB3EB000D23123 /* AppView.swift in Sources */ = {isa = PBXBuildFile; fileRef = AC9BD1D82BEB3EB000D23123 /* AppView.swift */; };
		ACA0214B2BE0B7D500E98DA4 /* CLLocationCoordinate2DTransformer.swift in Sources */ = {isa = PBXBuildFile; fileRef = ACA0214A2BE0B7D500E98DA4 /* CLLocationCoordinate2DTransformer.swift */; };
		ACAEFDFB2C18132700E12E0B /* CreateGroupView.swift in Sources */ = {isa = PBXBuildFile; fileRef = ACAEFDFA2C18132700E12E0B /* CreateGroupView.swift */; };
		ACAEFDFD2C18138E00E12E0B /* JoinGroupView.swift in Sources */ = {isa = PBXBuildFile; fileRef = ACAEFDFC2C18138E00E12E0B /* JoinGroupView.swift */; };
		ACAEFDFF2C193F8500E12E0B /* GroupView.swift in Sources */ = {isa = PBXBuildFile; fileRef = ACAEFDFE2C193F8500E12E0B /* GroupView.swift */; };
		ACAEFE012C1EAAF500E12E0B /* RealtimeManager.swift in Sources */ = {isa = PBXBuildFile; fileRef = ACAEFE002C1EAAF500E12E0B /* RealtimeManager.swift */; };
		ACC537302BF3258300BECF8A /* Stuff.swift in Sources */ = {isa = PBXBuildFile; fileRef = ACC5372F2BF3258300BECF8A /* Stuff.swift */; };
		ACCFF2C62BC22AF400D9265B /* LocationManager.swift in Sources */ = {isa = PBXBuildFile; fileRef = ACCFF2C52BC22AF400D9265B /* LocationManager.swift */; };
		ACD4812A2C2A6FE4004653A1 /* PasswordProtectedDebugView.swift in Sources */ = {isa = PBXBuildFile; fileRef = ACD481292C2A6FE4004653A1 /* PasswordProtectedDebugView.swift */; };
		ACD4812E2C326E98004653A1 /* CoreDataModel.xcdatamodeld in Sources */ = {isa = PBXBuildFile; fileRef = ACD4812C2C326E98004653A1 /* CoreDataModel.xcdatamodeld */; };
		ACEB24EA2C11698800D9693F /* AddGroupView.swift in Sources */ = {isa = PBXBuildFile; fileRef = ACEB24E92C11698800D9693F /* AddGroupView.swift */; };
		ACED0C8C2C2532A900D30D15 /* AddressResult+AnnotationItem.swift in Sources */ = {isa = PBXBuildFile; fileRef = ACED0C8B2C2532A900D30D15 /* AddressResult+AnnotationItem.swift */; };
		ACED0C8F2C25333400D30D15 /* AddressEntryViewModel.swift in Sources */ = {isa = PBXBuildFile; fileRef = ACED0C8E2C25333400D30D15 /* AddressEntryViewModel.swift */; };
		ACED0C912C2534DD00D30D15 /* AddressEntryMapViewModel.swift in Sources */ = {isa = PBXBuildFile; fileRef = ACED0C902C2534DD00D30D15 /* AddressEntryMapViewModel.swift */; };
		ACF5DA822C27E8A600123843 /* ZoneExitIntent.swift in Sources */ = {isa = PBXBuildFile; fileRef = ACF5DA812C27E8A600123843 /* ZoneExitIntent.swift */; };
		ACF5DA852C28DD5200123843 /* DebugMenu.swift in Sources */ = {isa = PBXBuildFile; fileRef = ACF5DA842C28DD5200123843 /* DebugMenu.swift */; };
/* End PBXBuildFile section */

/* Begin PBXFileReference section */
		AC0AC7012BDB0F2F000418B8 /* LocationViewModel.swift */ = {isa = PBXFileReference; lastKnownFileType = sourcecode.swift; path = LocationViewModel.swift; sourceTree = "<group>"; };
		AC0AC7032BDB0F9B000418B8 /* FriendDetailView.swift */ = {isa = PBXFileReference; lastKnownFileType = sourcecode.swift; path = FriendDetailView.swift; sourceTree = "<group>"; };
		AC0AC7052BDB0FC6000418B8 /* FullScreenMapView.swift */ = {isa = PBXFileReference; lastKnownFileType = sourcecode.swift; path = FullScreenMapView.swift; sourceTree = "<group>"; };
		AC0AC7072BDB1049000418B8 /* FriendProfileView.swift */ = {isa = PBXFileReference; lastKnownFileType = sourcecode.swift; path = FriendProfileView.swift; sourceTree = "<group>"; };
		AC0AC7092BDB10C2000418B8 /* ButtonModifiers.swift */ = {isa = PBXFileReference; lastKnownFileType = sourcecode.swift; path = ButtonModifiers.swift; sourceTree = "<group>"; };
		AC0AC70B2BDB1FD0000418B8 /* FriendDetailMapView.swift */ = {isa = PBXFileReference; lastKnownFileType = sourcecode.swift; path = FriendDetailMapView.swift; sourceTree = "<group>"; };
		AC1B00532BF4753C000BB30B /* AuthViewModel.swift */ = {isa = PBXFileReference; lastKnownFileType = sourcecode.swift; path = AuthViewModel.swift; sourceTree = "<group>"; };
		AC3989552C705637002F84E6 /* DataController.swift */ = {isa = PBXFileReference; lastKnownFileType = sourcecode.swift; path = DataController.swift; sourceTree = "<group>"; };
		AC39895B2C70592C002F84E6 /* GroupViewModel.swift */ = {isa = PBXFileReference; lastKnownFileType = sourcecode.swift; path = GroupViewModel.swift; sourceTree = "<group>"; };
		AC3989672C7440C9002F84E6 /* ZoneUpdateManager.swift */ = {isa = PBXFileReference; lastKnownFileType = sourcecode.swift; path = ZoneUpdateManager.swift; sourceTree = "<group>"; };
		AC5855FB2BDF1391009C490B /* AddressEntryView.swift */ = {isa = PBXFileReference; lastKnownFileType = sourcecode.swift; path = AddressEntryView.swift; sourceTree = "<group>"; };
		AC5855FD2BDF1705009C490B /* ZoneEditorView.swift */ = {isa = PBXFileReference; lastKnownFileType = sourcecode.swift; path = ZoneEditorView.swift; sourceTree = "<group>"; };
		AC5855FF2BDF1925009C490B /* MapView.swift */ = {isa = PBXFileReference; lastKnownFileType = sourcecode.swift; path = MapView.swift; sourceTree = "<group>"; };
		AC6A55282BD98D4200706E01 /* HomeView.swift */ = {isa = PBXFileReference; lastKnownFileType = sourcecode.swift; path = HomeView.swift; sourceTree = "<group>"; };
		AC6A552A2BD99B1700706E01 /* InfoView.swift */ = {isa = PBXFileReference; lastKnownFileType = sourcecode.swift; path = InfoView.swift; sourceTree = "<group>"; };
		AC6A552C2BD9A32F00706E01 /* Friends.swift */ = {isa = PBXFileReference; lastKnownFileType = sourcecode.swift; path = Friends.swift; sourceTree = "<group>"; };
		AC98ADFC2BC0872E00879A25 /* Radius.app */ = {isa = PBXFileReference; explicitFileType = wrapper.application; includeInIndex = 0; path = Radius.app; sourceTree = BUILT_PRODUCTS_DIR; };
		AC98ADFF2BC0872E00879A25 /* RadiusApp.swift */ = {isa = PBXFileReference; lastKnownFileType = sourcecode.swift; path = RadiusApp.swift; sourceTree = "<group>"; };
		AC98AE012BC0872E00879A25 /* ContentView.swift */ = {isa = PBXFileReference; lastKnownFileType = sourcecode.swift; path = ContentView.swift; sourceTree = "<group>"; };
		AC98AE032BC0873000879A25 /* Assets.xcassets */ = {isa = PBXFileReference; lastKnownFileType = folder.assetcatalog; path = Assets.xcassets; sourceTree = "<group>"; };
		AC98AE062BC0873000879A25 /* Preview Assets.xcassets */ = {isa = PBXFileReference; lastKnownFileType = folder.assetcatalog; path = "Preview Assets.xcassets"; sourceTree = "<group>"; };
		AC98AE0D2BC1CECD00879A25 /* MapViewModel.swift */ = {isa = PBXFileReference; lastKnownFileType = sourcecode.swift; path = MapViewModel.swift; sourceTree = "<group>"; };
		AC9BD1B52BE2E9E600D23123 /* FriendsDataManager.swift */ = {isa = PBXFileReference; lastKnownFileType = sourcecode.swift; path = FriendsDataManager.swift; sourceTree = "<group>"; };
		AC9BD1B72BE2F51600D23123 /* ColorTransformer.swift */ = {isa = PBXFileReference; lastKnownFileType = sourcecode.swift; path = ColorTransformer.swift; sourceTree = "<group>"; };
		AC9BD1BD2BE9954400D23123 /* CreateFriendView.swift */ = {isa = PBXFileReference; lastKnownFileType = sourcecode.swift; path = CreateFriendView.swift; sourceTree = "<group>"; };
		AC9BD1CB2BEB0E7100D23123 /* Supabase+Helpers.swift */ = {isa = PBXFileReference; lastKnownFileType = sourcecode.swift; path = "Supabase+Helpers.swift"; sourceTree = "<group>"; };
		AC9BD1D22BEB101B00D23123 /* AuthView.swift */ = {isa = PBXFileReference; lastKnownFileType = sourcecode.swift; path = AuthView.swift; sourceTree = "<group>"; };
		AC9BD1D42BEB3B3B00D23123 /* SupabaseProfileView.swift */ = {isa = PBXFileReference; lastKnownFileType = sourcecode.swift; path = SupabaseProfileView.swift; sourceTree = "<group>"; };
		AC9BD1D62BEB3CF500D23123 /* SupabaseModels.swift */ = {isa = PBXFileReference; lastKnownFileType = sourcecode.swift; path = SupabaseModels.swift; sourceTree = "<group>"; };
		AC9BD1D82BEB3EB000D23123 /* AppView.swift */ = {isa = PBXFileReference; lastKnownFileType = sourcecode.swift; path = AppView.swift; sourceTree = "<group>"; };
		AC9BD1DA2BEDD01700D23123 /* Radius.entitlements */ = {isa = PBXFileReference; lastKnownFileType = text.plist.entitlements; path = Radius.entitlements; sourceTree = "<group>"; };
		ACA0214A2BE0B7D500E98DA4 /* CLLocationCoordinate2DTransformer.swift */ = {isa = PBXFileReference; lastKnownFileType = sourcecode.swift; path = CLLocationCoordinate2DTransformer.swift; sourceTree = "<group>"; };
		ACAEFDFA2C18132700E12E0B /* CreateGroupView.swift */ = {isa = PBXFileReference; lastKnownFileType = sourcecode.swift; path = CreateGroupView.swift; sourceTree = "<group>"; };
		ACAEFDFC2C18138E00E12E0B /* JoinGroupView.swift */ = {isa = PBXFileReference; lastKnownFileType = sourcecode.swift; path = JoinGroupView.swift; sourceTree = "<group>"; };
		ACAEFDFE2C193F8500E12E0B /* GroupView.swift */ = {isa = PBXFileReference; lastKnownFileType = sourcecode.swift; path = GroupView.swift; sourceTree = "<group>"; };
		ACAEFE002C1EAAF500E12E0B /* RealtimeManager.swift */ = {isa = PBXFileReference; lastKnownFileType = sourcecode.swift; path = RealtimeManager.swift; sourceTree = "<group>"; };
		ACC5372F2BF3258300BECF8A /* Stuff.swift */ = {isa = PBXFileReference; lastKnownFileType = sourcecode.swift; path = Stuff.swift; sourceTree = "<group>"; };
		ACCFF2C52BC22AF400D9265B /* LocationManager.swift */ = {isa = PBXFileReference; lastKnownFileType = sourcecode.swift; path = LocationManager.swift; sourceTree = "<group>"; };
		ACCFF2C72BC22F9900D9265B /* Info.plist */ = {isa = PBXFileReference; lastKnownFileType = text.plist; path = Info.plist; sourceTree = "<group>"; };
		ACD481292C2A6FE4004653A1 /* PasswordProtectedDebugView.swift */ = {isa = PBXFileReference; lastKnownFileType = sourcecode.swift; path = PasswordProtectedDebugView.swift; sourceTree = "<group>"; };
		ACD4812D2C326E98004653A1 /* CoreDataModel.xcdatamodel */ = {isa = PBXFileReference; lastKnownFileType = wrapper.xcdatamodel; path = CoreDataModel.xcdatamodel; sourceTree = "<group>"; };
		ACEB24E92C11698800D9693F /* AddGroupView.swift */ = {isa = PBXFileReference; lastKnownFileType = sourcecode.swift; path = AddGroupView.swift; sourceTree = "<group>"; };
		ACED0C8B2C2532A900D30D15 /* AddressResult+AnnotationItem.swift */ = {isa = PBXFileReference; lastKnownFileType = sourcecode.swift; path = "AddressResult+AnnotationItem.swift"; sourceTree = "<group>"; };
		ACED0C8E2C25333400D30D15 /* AddressEntryViewModel.swift */ = {isa = PBXFileReference; lastKnownFileType = sourcecode.swift; path = AddressEntryViewModel.swift; sourceTree = "<group>"; };
		ACED0C902C2534DD00D30D15 /* AddressEntryMapViewModel.swift */ = {isa = PBXFileReference; lastKnownFileType = sourcecode.swift; path = AddressEntryMapViewModel.swift; sourceTree = "<group>"; };
		ACF5DA812C27E8A600123843 /* ZoneExitIntent.swift */ = {isa = PBXFileReference; lastKnownFileType = sourcecode.swift; path = ZoneExitIntent.swift; sourceTree = "<group>"; };
		ACF5DA842C28DD5200123843 /* DebugMenu.swift */ = {isa = PBXFileReference; lastKnownFileType = sourcecode.swift; path = DebugMenu.swift; sourceTree = "<group>"; };
/* End PBXFileReference section */

/* Begin PBXFrameworksBuildPhase section */
		AC98ADF92BC0872E00879A25 /* Frameworks */ = {
			isa = PBXFrameworksBuildPhase;
			buildActionMask = 2147483647;
			files = (
				AC9BD1C52BEB0E5E00D23123 /* PostgREST in Frameworks */,
				AC9BD1C32BEB0E5E00D23123 /* Functions in Frameworks */,
				AC9BD1D12BEB0F6800D23123 /* Supabase in Frameworks */,
				AC9BD1C12BEB0E5E00D23123 /* Auth in Frameworks */,
				AC9BD1C92BEB0E5E00D23123 /* Storage in Frameworks */,
				AC9BD1C72BEB0E5E00D23123 /* Realtime in Frameworks */,
			);
			runOnlyForDeploymentPostprocessing = 0;
		};
/* End PBXFrameworksBuildPhase section */

/* Begin PBXGroup section */
		AC0AC6FD2BDB0EB8000418B8 /* MainViews */ = {
			isa = PBXGroup;
			children = (
				AC6A55282BD98D4200706E01 /* HomeView.swift */,
				AC6A552A2BD99B1700706E01 /* InfoView.swift */,
				AC98AE012BC0872E00879A25 /* ContentView.swift */,
				AC9BD1D82BEB3EB000D23123 /* AppView.swift */,
			);
			path = MainViews;
			sourceTree = "<group>";
		};
		AC0AC6FE2BDB0EE4000418B8 /* SubViews */ = {
			isa = PBXGroup;
			children = (
				AC0AC7032BDB0F9B000418B8 /* FriendDetailView.swift */,
				AC0AC7052BDB0FC6000418B8 /* FullScreenMapView.swift */,
				AC0AC7072BDB1049000418B8 /* FriendProfileView.swift */,
				AC0AC70B2BDB1FD0000418B8 /* FriendDetailMapView.swift */,
				AC5855FB2BDF1391009C490B /* AddressEntryView.swift */,
				AC5855FD2BDF1705009C490B /* ZoneEditorView.swift */,
				AC5855FF2BDF1925009C490B /* MapView.swift */,
				AC9BD1BD2BE9954400D23123 /* CreateFriendView.swift */,
				AC9BD1D22BEB101B00D23123 /* AuthView.swift */,
				AC9BD1D42BEB3B3B00D23123 /* SupabaseProfileView.swift */,
				ACEB24E92C11698800D9693F /* AddGroupView.swift */,
				ACAEFDFA2C18132700E12E0B /* CreateGroupView.swift */,
				ACAEFDFC2C18138E00E12E0B /* JoinGroupView.swift */,
				ACAEFDFE2C193F8500E12E0B /* GroupView.swift */,
			);
			path = SubViews;
			sourceTree = "<group>";
		};
		AC0AC6FF2BDB0EF5000418B8 /* Components */ = {
			isa = PBXGroup;
			children = (
				AC0AC7092BDB10C2000418B8 /* ButtonModifiers.swift */,
			);
			path = Components;
			sourceTree = "<group>";
		};
		AC0AC7002BDB0EFC000418B8 /* Models */ = {
			isa = PBXGroup;
			children = (
				ACED0C8A2C25328700D30D15 /* AddressEntryModels */,
				AC6A552C2BD9A32F00706E01 /* Friends.swift */,
				ACCFF2C52BC22AF400D9265B /* LocationManager.swift */,
				AC0AC7012BDB0F2F000418B8 /* LocationViewModel.swift */,
				AC98AE0D2BC1CECD00879A25 /* MapViewModel.swift */,
				AC9BD1D62BEB3CF500D23123 /* SupabaseModels.swift */,
				AC1B00532BF4753C000BB30B /* AuthViewModel.swift */,
			);
			path = Models;
			sourceTree = "<group>";
		};
		AC79CDA12BE0B60400B49E90 /* Managers */ = {
			isa = PBXGroup;
			children = (
				AC9BD1B52BE2E9E600D23123 /* FriendsDataManager.swift */,
				ACAEFE002C1EAAF500E12E0B /* RealtimeManager.swift */,
				AC3989672C7440C9002F84E6 /* ZoneUpdateManager.swift */,
			);
			path = Managers;
			sourceTree = "<group>";
		};
		AC98ADF32BC0872E00879A25 = {
			isa = PBXGroup;
			children = (
				AC98ADFE2BC0872E00879A25 /* Radius */,
				AC98ADFD2BC0872E00879A25 /* Products */,
				AC9BD1CD2BEB0F4600D23123 /* Frameworks */,
			);
			sourceTree = "<group>";
		};
		AC98ADFD2BC0872E00879A25 /* Products */ = {
			isa = PBXGroup;
			children = (
				AC98ADFC2BC0872E00879A25 /* Radius.app */,
			);
			name = Products;
			sourceTree = "<group>";
		};
		AC98ADFE2BC0872E00879A25 /* Radius */ = {
			isa = PBXGroup;
			children = (
				ACD4812B2C326E74004653A1 /* CoreData */,
				ACF5DA832C28DD4B00123843 /* Debug */,
				ACF5DA802C27E89A00123843 /* AppIntents */,
				AC9BD1DA2BEDD01700D23123 /* Radius.entitlements */,
				ACED0C8D2C25331B00D30D15 /* ViewModels */,
				AC9BD1CA2BEB0E6B00D23123 /* Helpers */,
				ACA021492BE0B7C100E98DA4 /* Utility */,
				AC79CDA12BE0B60400B49E90 /* Managers */,
				AC0AC7002BDB0EFC000418B8 /* Models */,
				AC0AC6FF2BDB0EF5000418B8 /* Components */,
				AC0AC6FE2BDB0EE4000418B8 /* SubViews */,
				AC0AC6FD2BDB0EB8000418B8 /* MainViews */,
				ACCFF2C72BC22F9900D9265B /* Info.plist */,
				AC98ADFF2BC0872E00879A25 /* RadiusApp.swift */,
				AC98AE032BC0873000879A25 /* Assets.xcassets */,
				AC98AE052BC0873000879A25 /* Preview Content */,
			);
			path = Radius;
			sourceTree = "<group>";
		};
		AC98AE052BC0873000879A25 /* Preview Content */ = {
			isa = PBXGroup;
			children = (
				AC98AE062BC0873000879A25 /* Preview Assets.xcassets */,
			);
			path = "Preview Content";
			sourceTree = "<group>";
		};
		AC9BD1CA2BEB0E6B00D23123 /* Helpers */ = {
			isa = PBXGroup;
			children = (
				AC9BD1CB2BEB0E7100D23123 /* Supabase+Helpers.swift */,
				ACC5372F2BF3258300BECF8A /* Stuff.swift */,
			);
			path = Helpers;
			sourceTree = "<group>";
		};
		AC9BD1CD2BEB0F4600D23123 /* Frameworks */ = {
			isa = PBXGroup;
			children = (
			);
			name = Frameworks;
			sourceTree = "<group>";
		};
		ACA021492BE0B7C100E98DA4 /* Utility */ = {
			isa = PBXGroup;
			children = (
				ACA0214A2BE0B7D500E98DA4 /* CLLocationCoordinate2DTransformer.swift */,
				AC9BD1B72BE2F51600D23123 /* ColorTransformer.swift */,
				AC3989552C705637002F84E6 /* DataController.swift */,
			);
			path = Utility;
			sourceTree = "<group>";
		};
		ACD4812B2C326E74004653A1 /* CoreData */ = {
			isa = PBXGroup;
			children = (
				ACD4812C2C326E98004653A1 /* CoreDataModel.xcdatamodeld */,
			);
			path = CoreData;
			sourceTree = "<group>";
		};
		ACED0C8A2C25328700D30D15 /* AddressEntryModels */ = {
			isa = PBXGroup;
			children = (
				ACED0C8B2C2532A900D30D15 /* AddressResult+AnnotationItem.swift */,
			);
			path = AddressEntryModels;
			sourceTree = "<group>";
		};
		ACED0C8D2C25331B00D30D15 /* ViewModels */ = {
			isa = PBXGroup;
			children = (
				ACED0C8E2C25333400D30D15 /* AddressEntryViewModel.swift */,
				ACED0C902C2534DD00D30D15 /* AddressEntryMapViewModel.swift */,
				AC39895B2C70592C002F84E6 /* GroupViewModel.swift */,
			);
			path = ViewModels;
			sourceTree = "<group>";
		};
		ACF5DA802C27E89A00123843 /* AppIntents */ = {
			isa = PBXGroup;
			children = (
				ACF5DA812C27E8A600123843 /* ZoneExitIntent.swift */,
			);
			path = AppIntents;
			sourceTree = "<group>";
		};
		ACF5DA832C28DD4B00123843 /* Debug */ = {
			isa = PBXGroup;
			children = (
				ACF5DA842C28DD5200123843 /* DebugMenu.swift */,
				ACD481292C2A6FE4004653A1 /* PasswordProtectedDebugView.swift */,
			);
			path = Debug;
			sourceTree = "<group>";
		};
/* End PBXGroup section */

/* Begin PBXNativeTarget section */
		AC98ADFB2BC0872E00879A25 /* Radius */ = {
			isa = PBXNativeTarget;
			buildConfigurationList = AC98AE0A2BC0873000879A25 /* Build configuration list for PBXNativeTarget "Radius" */;
			buildPhases = (
				AC98ADF82BC0872E00879A25 /* Sources */,
				AC98ADF92BC0872E00879A25 /* Frameworks */,
				AC98ADFA2BC0872E00879A25 /* Resources */,
			);
			buildRules = (
			);
			dependencies = (
			);
			name = Radius;
			packageProductDependencies = (
				AC9BD1C02BEB0E5E00D23123 /* Auth */,
				AC9BD1C22BEB0E5E00D23123 /* Functions */,
				AC9BD1C42BEB0E5E00D23123 /* PostgREST */,
				AC9BD1C62BEB0E5E00D23123 /* Realtime */,
				AC9BD1C82BEB0E5E00D23123 /* Storage */,
				AC9BD1D02BEB0F6800D23123 /* Supabase */,
			);
			productName = Radius;
			productReference = AC98ADFC2BC0872E00879A25 /* Radius.app */;
			productType = "com.apple.product-type.application";
		};
/* End PBXNativeTarget section */

/* Begin PBXProject section */
		AC98ADF42BC0872E00879A25 /* Project object */ = {
			isa = PBXProject;
			attributes = {
				BuildIndependentTargetsInParallel = 1;
				LastSwiftUpdateCheck = 1530;
				LastUpgradeCheck = 1530;
				TargetAttributes = {
					AC98ADFB2BC0872E00879A25 = {
						CreatedOnToolsVersion = 15.3;
					};
				};
			};
			buildConfigurationList = AC98ADF72BC0872E00879A25 /* Build configuration list for PBXProject "Radius" */;
			compatibilityVersion = "Xcode 14.0";
			developmentRegion = en;
			hasScannedForEncodings = 0;
			knownRegions = (
				en,
				Base,
			);
			mainGroup = AC98ADF32BC0872E00879A25;
			packageReferences = (
				AC9BD1BF2BEB0E5E00D23123 /* XCRemoteSwiftPackageReference "supabase-swift" */,
			);
			productRefGroup = AC98ADFD2BC0872E00879A25 /* Products */;
			projectDirPath = "";
			projectRoot = "";
			targets = (
				AC98ADFB2BC0872E00879A25 /* Radius */,
			);
		};
/* End PBXProject section */

/* Begin PBXResourcesBuildPhase section */
		AC98ADFA2BC0872E00879A25 /* Resources */ = {
			isa = PBXResourcesBuildPhase;
			buildActionMask = 2147483647;
			files = (
				AC98AE072BC0873000879A25 /* Preview Assets.xcassets in Resources */,
				AC98AE042BC0873000879A25 /* Assets.xcassets in Resources */,
			);
			runOnlyForDeploymentPostprocessing = 0;
		};
/* End PBXResourcesBuildPhase section */

/* Begin PBXSourcesBuildPhase section */
		AC98ADF82BC0872E00879A25 /* Sources */ = {
			isa = PBXSourcesBuildPhase;
			buildActionMask = 2147483647;
			files = (
				ACCFF2C62BC22AF400D9265B /* LocationManager.swift in Sources */,
				ACA0214B2BE0B7D500E98DA4 /* CLLocationCoordinate2DTransformer.swift in Sources */,
				AC5856002BDF1925009C490B /* MapView.swift in Sources */,
				AC6A552D2BD9A32F00706E01 /* Friends.swift in Sources */,
				AC98AE022BC0872E00879A25 /* ContentView.swift in Sources */,
				AC3989562C705637002F84E6 /* DataController.swift in Sources */,
				AC9BD1B82BE2F51600D23123 /* ColorTransformer.swift in Sources */,
				AC0AC7042BDB0F9B000418B8 /* FriendDetailView.swift in Sources */,
				AC9BD1BE2BE9954400D23123 /* CreateFriendView.swift in Sources */,
				AC0AC7062BDB0FC6000418B8 /* FullScreenMapView.swift in Sources */,
				AC98AE002BC0872E00879A25 /* RadiusApp.swift in Sources */,
				AC0AC70A2BDB10C2000418B8 /* ButtonModifiers.swift in Sources */,
				ACEB24EA2C11698800D9693F /* AddGroupView.swift in Sources */,
				AC9BD1CC2BEB0E7100D23123 /* Supabase+Helpers.swift in Sources */,
				ACC537302BF3258300BECF8A /* Stuff.swift in Sources */,
				ACAEFE012C1EAAF500E12E0B /* RealtimeManager.swift in Sources */,
				AC9BD1D32BEB101B00D23123 /* AuthView.swift in Sources */,
				AC5855FE2BDF1705009C490B /* ZoneEditorView.swift in Sources */,
				ACAEFDFF2C193F8500E12E0B /* GroupView.swift in Sources */,
				ACD4812A2C2A6FE4004653A1 /* PasswordProtectedDebugView.swift in Sources */,
				AC39895C2C70592C002F84E6 /* GroupViewModel.swift in Sources */,
				AC9BD1D92BEB3EB000D23123 /* AppView.swift in Sources */,
				AC0AC70C2BDB1FD0000418B8 /* FriendDetailMapView.swift in Sources */,
				AC9BD1D72BEB3CF500D23123 /* SupabaseModels.swift in Sources */,
				AC0AC7082BDB1049000418B8 /* FriendProfileView.swift in Sources */,
				AC6A55292BD98D4200706E01 /* HomeView.swift in Sources */,
				ACED0C8F2C25333400D30D15 /* AddressEntryViewModel.swift in Sources */,
				ACED0C8C2C2532A900D30D15 /* AddressResult+AnnotationItem.swift in Sources */,
				ACF5DA822C27E8A600123843 /* ZoneExitIntent.swift in Sources */,
				ACAEFDFD2C18138E00E12E0B /* JoinGroupView.swift in Sources */,
				AC6A552B2BD99B1700706E01 /* InfoView.swift in Sources */,
				ACD4812E2C326E98004653A1 /* CoreDataModel.xcdatamodeld in Sources */,
				AC98AE0E2BC1CECD00879A25 /* MapViewModel.swift in Sources */,
				AC5855FC2BDF1391009C490B /* AddressEntryView.swift in Sources */,
				AC0AC7022BDB0F2F000418B8 /* LocationViewModel.swift in Sources */,
				AC9BD1B62BE2E9E600D23123 /* FriendsDataManager.swift in Sources */,
				ACED0C912C2534DD00D30D15 /* AddressEntryMapViewModel.swift in Sources */,
				AC1B00542BF4753C000BB30B /* AuthViewModel.swift in Sources */,
				AC3989682C7440C9002F84E6 /* ZoneUpdateManager.swift in Sources */,
				AC9BD1D52BEB3B3B00D23123 /* SupabaseProfileView.swift in Sources */,
				ACAEFDFB2C18132700E12E0B /* CreateGroupView.swift in Sources */,
				ACF5DA852C28DD5200123843 /* DebugMenu.swift in Sources */,
			);
			runOnlyForDeploymentPostprocessing = 0;
		};
/* End PBXSourcesBuildPhase section */

/* Begin XCBuildConfiguration section */
		AC98AE082BC0873000879A25 /* Debug */ = {
			isa = XCBuildConfiguration;
			buildSettings = {
				ALWAYS_SEARCH_USER_PATHS = NO;
				ASSETCATALOG_COMPILER_GENERATE_SWIFT_ASSET_SYMBOL_EXTENSIONS = YES;
				CLANG_ANALYZER_NONNULL = YES;
				CLANG_ANALYZER_NUMBER_OBJECT_CONVERSION = YES_AGGRESSIVE;
				CLANG_CXX_LANGUAGE_STANDARD = "gnu++20";
				CLANG_ENABLE_MODULES = YES;
				CLANG_ENABLE_OBJC_ARC = YES;
				CLANG_ENABLE_OBJC_WEAK = YES;
				CLANG_WARN_BLOCK_CAPTURE_AUTORELEASING = YES;
				CLANG_WARN_BOOL_CONVERSION = YES;
				CLANG_WARN_COMMA = YES;
				CLANG_WARN_CONSTANT_CONVERSION = YES;
				CLANG_WARN_DEPRECATED_OBJC_IMPLEMENTATIONS = YES;
				CLANG_WARN_DIRECT_OBJC_ISA_USAGE = YES_ERROR;
				CLANG_WARN_DOCUMENTATION_COMMENTS = YES;
				CLANG_WARN_EMPTY_BODY = YES;
				CLANG_WARN_ENUM_CONVERSION = YES;
				CLANG_WARN_INFINITE_RECURSION = YES;
				CLANG_WARN_INT_CONVERSION = YES;
				CLANG_WARN_NON_LITERAL_NULL_CONVERSION = YES;
				CLANG_WARN_OBJC_IMPLICIT_RETAIN_SELF = YES;
				CLANG_WARN_OBJC_LITERAL_CONVERSION = YES;
				CLANG_WARN_OBJC_ROOT_CLASS = YES_ERROR;
				CLANG_WARN_QUOTED_INCLUDE_IN_FRAMEWORK_HEADER = YES;
				CLANG_WARN_RANGE_LOOP_ANALYSIS = YES;
				CLANG_WARN_STRICT_PROTOTYPES = YES;
				CLANG_WARN_SUSPICIOUS_MOVE = YES;
				CLANG_WARN_UNGUARDED_AVAILABILITY = YES_AGGRESSIVE;
				CLANG_WARN_UNREACHABLE_CODE = YES;
				CLANG_WARN__DUPLICATE_METHOD_MATCH = YES;
				COPY_PHASE_STRIP = NO;
				DEBUG_INFORMATION_FORMAT = dwarf;
				ENABLE_STRICT_OBJC_MSGSEND = YES;
				ENABLE_TESTABILITY = YES;
				ENABLE_USER_SCRIPT_SANDBOXING = YES;
				GCC_C_LANGUAGE_STANDARD = gnu17;
				GCC_DYNAMIC_NO_PIC = NO;
				GCC_NO_COMMON_BLOCKS = YES;
				GCC_OPTIMIZATION_LEVEL = 0;
				GCC_PREPROCESSOR_DEFINITIONS = (
					"DEBUG=1",
					"$(inherited)",
				);
				GCC_WARN_64_TO_32_BIT_CONVERSION = YES;
				GCC_WARN_ABOUT_RETURN_TYPE = YES_ERROR;
				GCC_WARN_UNDECLARED_SELECTOR = YES;
				GCC_WARN_UNINITIALIZED_AUTOS = YES_AGGRESSIVE;
				GCC_WARN_UNUSED_FUNCTION = YES;
				GCC_WARN_UNUSED_VARIABLE = YES;
				IPHONEOS_DEPLOYMENT_TARGET = 17.4;
				LOCALIZATION_PREFERS_STRING_CATALOGS = YES;
				MTL_ENABLE_DEBUG_INFO = INCLUDE_SOURCE;
				MTL_FAST_MATH = YES;
				ONLY_ACTIVE_ARCH = YES;
				SDKROOT = iphoneos;
				SWIFT_ACTIVE_COMPILATION_CONDITIONS = "DEBUG $(inherited)";
				SWIFT_OPTIMIZATION_LEVEL = "-Onone";
			};
			name = Debug;
		};
		AC98AE092BC0873000879A25 /* Release */ = {
			isa = XCBuildConfiguration;
			buildSettings = {
				ALWAYS_SEARCH_USER_PATHS = NO;
				ASSETCATALOG_COMPILER_GENERATE_SWIFT_ASSET_SYMBOL_EXTENSIONS = YES;
				CLANG_ANALYZER_NONNULL = YES;
				CLANG_ANALYZER_NUMBER_OBJECT_CONVERSION = YES_AGGRESSIVE;
				CLANG_CXX_LANGUAGE_STANDARD = "gnu++20";
				CLANG_ENABLE_MODULES = YES;
				CLANG_ENABLE_OBJC_ARC = YES;
				CLANG_ENABLE_OBJC_WEAK = YES;
				CLANG_WARN_BLOCK_CAPTURE_AUTORELEASING = YES;
				CLANG_WARN_BOOL_CONVERSION = YES;
				CLANG_WARN_COMMA = YES;
				CLANG_WARN_CONSTANT_CONVERSION = YES;
				CLANG_WARN_DEPRECATED_OBJC_IMPLEMENTATIONS = YES;
				CLANG_WARN_DIRECT_OBJC_ISA_USAGE = YES_ERROR;
				CLANG_WARN_DOCUMENTATION_COMMENTS = YES;
				CLANG_WARN_EMPTY_BODY = YES;
				CLANG_WARN_ENUM_CONVERSION = YES;
				CLANG_WARN_INFINITE_RECURSION = YES;
				CLANG_WARN_INT_CONVERSION = YES;
				CLANG_WARN_NON_LITERAL_NULL_CONVERSION = YES;
				CLANG_WARN_OBJC_IMPLICIT_RETAIN_SELF = YES;
				CLANG_WARN_OBJC_LITERAL_CONVERSION = YES;
				CLANG_WARN_OBJC_ROOT_CLASS = YES_ERROR;
				CLANG_WARN_QUOTED_INCLUDE_IN_FRAMEWORK_HEADER = YES;
				CLANG_WARN_RANGE_LOOP_ANALYSIS = YES;
				CLANG_WARN_STRICT_PROTOTYPES = YES;
				CLANG_WARN_SUSPICIOUS_MOVE = YES;
				CLANG_WARN_UNGUARDED_AVAILABILITY = YES_AGGRESSIVE;
				CLANG_WARN_UNREACHABLE_CODE = YES;
				CLANG_WARN__DUPLICATE_METHOD_MATCH = YES;
				COPY_PHASE_STRIP = NO;
				DEBUG_INFORMATION_FORMAT = "dwarf-with-dsym";
				ENABLE_NS_ASSERTIONS = NO;
				ENABLE_STRICT_OBJC_MSGSEND = YES;
				ENABLE_USER_SCRIPT_SANDBOXING = YES;
				GCC_C_LANGUAGE_STANDARD = gnu17;
				GCC_NO_COMMON_BLOCKS = YES;
				GCC_WARN_64_TO_32_BIT_CONVERSION = YES;
				GCC_WARN_ABOUT_RETURN_TYPE = YES_ERROR;
				GCC_WARN_UNDECLARED_SELECTOR = YES;
				GCC_WARN_UNINITIALIZED_AUTOS = YES_AGGRESSIVE;
				GCC_WARN_UNUSED_FUNCTION = YES;
				GCC_WARN_UNUSED_VARIABLE = YES;
				IPHONEOS_DEPLOYMENT_TARGET = 17.4;
				LOCALIZATION_PREFERS_STRING_CATALOGS = YES;
				MTL_ENABLE_DEBUG_INFO = NO;
				MTL_FAST_MATH = YES;
				SDKROOT = iphoneos;
				SWIFT_COMPILATION_MODE = wholemodule;
				VALIDATE_PRODUCT = YES;
			};
			name = Release;
		};
		AC98AE0B2BC0873000879A25 /* Debug */ = {
			isa = XCBuildConfiguration;
			buildSettings = {
				ASSETCATALOG_COMPILER_APPICON_NAME = AppIcon;
				ASSETCATALOG_COMPILER_GLOBAL_ACCENT_COLOR_NAME = AccentColor;
				CODE_SIGN_ENTITLEMENTS = Radius/Radius.entitlements;
				CODE_SIGN_STYLE = Automatic;
				CURRENT_PROJECT_VERSION = 1;
				DEVELOPMENT_ASSET_PATHS = "\"Radius/Preview Content\"";
				DEVELOPMENT_TEAM = 8VNWQXUY4G;
				ENABLE_PREVIEWS = YES;
				GENERATE_INFOPLIST_FILE = YES;
				INFOPLIST_FILE = Radius/Info.plist;
				INFOPLIST_KEY_NSLocationAlwaysAndWhenInUseUsageDescription = "This apps needs your location to share it on the map";
				INFOPLIST_KEY_NSLocationAlwaysUsageDescription = "This apps needs your location to share it on the map";
				INFOPLIST_KEY_NSLocationUsageDescription = "This apps needs your location to share it on the map";
				INFOPLIST_KEY_NSLocationWhenInUseUsageDescription = "This apps needs your location to share it on the map";
				INFOPLIST_KEY_UIApplicationSceneManifest_Generation = YES;
				INFOPLIST_KEY_UIApplicationSupportsIndirectInputEvents = YES;
				INFOPLIST_KEY_UILaunchScreen_Generation = YES;
				INFOPLIST_KEY_UISupportedInterfaceOrientations_iPad = "UIInterfaceOrientationPortrait UIInterfaceOrientationPortraitUpsideDown UIInterfaceOrientationLandscapeLeft UIInterfaceOrientationLandscapeRight";
				INFOPLIST_KEY_UISupportedInterfaceOrientations_iPhone = "UIInterfaceOrientationPortrait UIInterfaceOrientationLandscapeLeft UIInterfaceOrientationLandscapeRight";
				IPHONEOS_DEPLOYMENT_TARGET = 17.0;
				LD_RUNPATH_SEARCH_PATHS = (
					"$(inherited)",
					"@executable_path/Frameworks",
				);
				MARKETING_VERSION = 1.0;
				PRODUCT_BUNDLE_IDENTIFIER = aadishivmalhotra.Radius;
				PRODUCT_NAME = "$(TARGET_NAME)";
				SWIFT_EMIT_LOC_STRINGS = YES;
				SWIFT_VERSION = 5.0;
				TARGETED_DEVICE_FAMILY = "1,2";
			};
			name = Debug;
		};
		AC98AE0C2BC0873000879A25 /* Release */ = {
			isa = XCBuildConfiguration;
			buildSettings = {
				ASSETCATALOG_COMPILER_APPICON_NAME = AppIcon;
				ASSETCATALOG_COMPILER_GLOBAL_ACCENT_COLOR_NAME = AccentColor;
				CODE_SIGN_ENTITLEMENTS = Radius/Radius.entitlements;
				CODE_SIGN_STYLE = Automatic;
				CURRENT_PROJECT_VERSION = 1;
				DEVELOPMENT_ASSET_PATHS = "\"Radius/Preview Content\"";
				DEVELOPMENT_TEAM = 8VNWQXUY4G;
				ENABLE_PREVIEWS = YES;
				GENERATE_INFOPLIST_FILE = YES;
				INFOPLIST_FILE = Radius/Info.plist;
				INFOPLIST_KEY_NSLocationAlwaysAndWhenInUseUsageDescription = "This apps needs your location to share it on the map";
				INFOPLIST_KEY_NSLocationAlwaysUsageDescription = "This apps needs your location to share it on the map";
				INFOPLIST_KEY_NSLocationUsageDescription = "This apps needs your location to share it on the map";
				INFOPLIST_KEY_NSLocationWhenInUseUsageDescription = "This apps needs your location to share it on the map";
				INFOPLIST_KEY_UIApplicationSceneManifest_Generation = YES;
				INFOPLIST_KEY_UIApplicationSupportsIndirectInputEvents = YES;
				INFOPLIST_KEY_UILaunchScreen_Generation = YES;
				INFOPLIST_KEY_UISupportedInterfaceOrientations_iPad = "UIInterfaceOrientationPortrait UIInterfaceOrientationPortraitUpsideDown UIInterfaceOrientationLandscapeLeft UIInterfaceOrientationLandscapeRight";
				INFOPLIST_KEY_UISupportedInterfaceOrientations_iPhone = "UIInterfaceOrientationPortrait UIInterfaceOrientationLandscapeLeft UIInterfaceOrientationLandscapeRight";
				IPHONEOS_DEPLOYMENT_TARGET = 17.0;
				LD_RUNPATH_SEARCH_PATHS = (
					"$(inherited)",
					"@executable_path/Frameworks",
				);
				MARKETING_VERSION = 1.0;
				PRODUCT_BUNDLE_IDENTIFIER = aadishivmalhotra.Radius;
				PRODUCT_NAME = "$(TARGET_NAME)";
				SWIFT_EMIT_LOC_STRINGS = YES;
				SWIFT_VERSION = 5.0;
				TARGETED_DEVICE_FAMILY = "1,2";
			};
			name = Release;
		};
/* End XCBuildConfiguration section */

/* Begin XCConfigurationList section */
		AC98ADF72BC0872E00879A25 /* Build configuration list for PBXProject "Radius" */ = {
			isa = XCConfigurationList;
			buildConfigurations = (
				AC98AE082BC0873000879A25 /* Debug */,
				AC98AE092BC0873000879A25 /* Release */,
			);
			defaultConfigurationIsVisible = 0;
			defaultConfigurationName = Release;
		};
		AC98AE0A2BC0873000879A25 /* Build configuration list for PBXNativeTarget "Radius" */ = {
			isa = XCConfigurationList;
			buildConfigurations = (
				AC98AE0B2BC0873000879A25 /* Debug */,
				AC98AE0C2BC0873000879A25 /* Release */,
			);
			defaultConfigurationIsVisible = 0;
			defaultConfigurationName = Release;
		};
/* End XCConfigurationList section */

/* Begin XCRemoteSwiftPackageReference section */
		AC9BD1BF2BEB0E5E00D23123 /* XCRemoteSwiftPackageReference "supabase-swift" */ = {
			isa = XCRemoteSwiftPackageReference;
			repositoryURL = "https://github.com/supabase/supabase-swift";
			requirement = {
				kind = upToNextMajorVersion;
				minimumVersion = 2.5.1;
			};
		};
/* End XCRemoteSwiftPackageReference section */

/* Begin XCSwiftPackageProductDependency section */
		AC9BD1C02BEB0E5E00D23123 /* Auth */ = {
			isa = XCSwiftPackageProductDependency;
			package = AC9BD1BF2BEB0E5E00D23123 /* XCRemoteSwiftPackageReference "supabase-swift" */;
			productName = Auth;
		};
		AC9BD1C22BEB0E5E00D23123 /* Functions */ = {
			isa = XCSwiftPackageProductDependency;
			package = AC9BD1BF2BEB0E5E00D23123 /* XCRemoteSwiftPackageReference "supabase-swift" */;
			productName = Functions;
		};
		AC9BD1C42BEB0E5E00D23123 /* PostgREST */ = {
			isa = XCSwiftPackageProductDependency;
			package = AC9BD1BF2BEB0E5E00D23123 /* XCRemoteSwiftPackageReference "supabase-swift" */;
			productName = PostgREST;
		};
		AC9BD1C62BEB0E5E00D23123 /* Realtime */ = {
			isa = XCSwiftPackageProductDependency;
			package = AC9BD1BF2BEB0E5E00D23123 /* XCRemoteSwiftPackageReference "supabase-swift" */;
			productName = Realtime;
		};
		AC9BD1C82BEB0E5E00D23123 /* Storage */ = {
			isa = XCSwiftPackageProductDependency;
			package = AC9BD1BF2BEB0E5E00D23123 /* XCRemoteSwiftPackageReference "supabase-swift" */;
			productName = Storage;
		};
		AC9BD1D02BEB0F6800D23123 /* Supabase */ = {
			isa = XCSwiftPackageProductDependency;
			package = AC9BD1BF2BEB0E5E00D23123 /* XCRemoteSwiftPackageReference "supabase-swift" */;
			productName = Supabase;
		};
/* End XCSwiftPackageProductDependency section */

/* Begin XCVersionGroup section */
		ACD4812C2C326E98004653A1 /* CoreDataModel.xcdatamodeld */ = {
			isa = XCVersionGroup;
			children = (
				ACD4812D2C326E98004653A1 /* CoreDataModel.xcdatamodel */,
			);
			currentVersion = ACD4812D2C326E98004653A1 /* CoreDataModel.xcdatamodel */;
			name = CoreDataModel.xcdatamodeld;
			path = /Users/aadishivmalhotra/Desktop/SwiftProjects/Radius/Radius/CoreData/CoreDataModel.xcdatamodeld;
			sourceTree = "<group>";
			versionGroupType = wrapper.xcdatamodel;
		};
/* End XCVersionGroup section */
	};
	rootObject = AC98ADF42BC0872E00879A25 /* Project object */;
}
